
Microsoft Visual Studio Solution File, Format Version 12.00
# Visual Studio Version 16
VisualStudioVersion = 25.0.1700.4
MinimumVisualStudioVersion = 10.0.40219.1
Project("{FAE04EC0-301F-11D3-BF4B-00C04F79EFBC}") = "CLASSES", "CLASSES\CLASSES.csproj", "{93961BEA-A6B7-4743-B2DE-C24187D9EAA6}"
EndProject
Global
	GlobalSection(SolutionConfigurationPlatforms) = preSolution
		Debug|Any CPU = Debug|Any CPU
		Release|Any CPU = Release|Any CPU
	EndGlobalSection
	GlobalSection(ProjectConfigurationPlatforms) = postSolution
		{93961BEA-A6B7-4743-B2DE-C24187D9EAA6}.Debug|Any CPU.ActiveCfg = Debug|Any CPU
		{93961BEA-A6B7-4743-B2DE-C24187D9EAA6}.Debug|Any CPU.Build.0 = Debug|Any CPU
		{93961BEA-A6B7-4743-B2DE-C24187D9EAA6}.Release|Any CPU.ActiveCfg = Release|Any CPU
		{93961BEA-A6B7-4743-B2DE-C24187D9EAA6}.Release|Any CPU.Build.0 = Release|Any CPU
	EndGlobalSection
	GlobalSection(SolutionProperties) = preSolution
		HideSolutionNode = FALSE
	EndGlobalSection
	GlobalSection(ExtensibilityGlobals) = postSolution
		SolutionGuid = {836D2CFF-1313-4B8D-AB3D-2F69DDD858F7}
	EndGlobalSection
EndGlobal
